{
  "name": "Task-Scheduling-Web-App-VITE-",
  "lockfileVersion": 3,
  "requires": true,
  "packages": {
    "": {
      "dependencies": {
        "yup-password": "^0.2.2"
      }
    },
    "node_modules/yup-password": {
      "version": "0.2.2",
      "resolved": "https://registry.npmjs.org/yup-password/-/yup-password-0.2.2.tgz",
      "integrity": "sha512-2PHfqGWtbXg4OfDV7VKFIb3hyEaYgTYpEORnFqgGAYqzENWmGzWMoeGvJg2Ohmq6maTRxhJzLZpNTITrqlZTrA=="
    }
  }
}
